
Microsoft Visual Studio Solution File, Format Version 12.00
# Visual Studio Version 16
VisualStudioVersion = 16.0.34301.259
MinimumVisualStudioVersion = 10.0.40219.1
Project("{FAE04EC0-301F-11D3-BF4B-00C04F79EFBC}") = "Kino_леконцев", "Kino_леконцев\Kino_леконцев.csproj", "{864892FA-8A8E-4FED-B5C7-E635A6FAB972}"
EndProject
Global
	GlobalSection(SolutionConfigurationPlatforms) = preSolution
		Debug|Any CPU = Debug|Any CPU
		Release|Any CPU = Release|Any CPU
	EndGlobalSection
	GlobalSection(ProjectConfigurationPlatforms) = postSolution
		{864892FA-8A8E-4FED-B5C7-E635A6FAB972}.Debug|Any CPU.ActiveCfg = Debug|Any CPU
		{864892FA-8A8E-4FED-B5C7-E635A6FAB972}.Debug|Any CPU.Build.0 = Debug|Any CPU
		{864892FA-8A8E-4FED-B5C7-E635A6FAB972}.Release|Any CPU.ActiveCfg = Release|Any CPU
		{864892FA-8A8E-4FED-B5C7-E635A6FAB972}.Release|Any CPU.Build.0 = Release|Any CPU
	EndGlobalSection
	GlobalSection(SolutionProperties) = preSolution
		HideSolutionNode = FALSE
	EndGlobalSection
	GlobalSection(ExtensibilityGlobals) = postSolution
		SolutionGuid = {EC1E0225-27F8-42AC-82AD-760C8ADA8CCC}
	EndGlobalSection
EndGlobal
